
Microsoft Visual Studio Solution File, Format Version 12.00
# Visual Studio 14
VisualStudioVersion = 14.0.25420.1
MinimumVisualStudioVersion = 10.0.40219.1
Project("{FAE04EC0-301F-11D3-BF4B-00C04F79EFBC}") = "VehicleDealer", "VehicleDealer\VehicleDealer.csproj", "{6FFBEDA0-4FE1-42AC-A4B6-09F2A274F618}"
EndProject
Project("{FAE04EC0-301F-11D3-BF4B-00C04F79EFBC}") = "VehicleDealerDal.cs", "VehicleDealerDal.cs\VehicleDealerDal.cs.csproj", "{770CF11A-E4A7-4F14-8380-F4FA9F5AD84D}"
EndProject
Global
	GlobalSection(SolutionConfigurationPlatforms) = preSolution
		Debug|Any CPU = Debug|Any CPU
		Release|Any CPU = Release|Any CPU
	EndGlobalSection
	GlobalSection(ProjectConfigurationPlatforms) = postSolution
		{6FFBEDA0-4FE1-42AC-A4B6-09F2A274F618}.Debug|Any CPU.ActiveCfg = Debug|Any CPU
		{6FFBEDA0-4FE1-42AC-A4B6-09F2A274F618}.Debug|Any CPU.Build.0 = Debug|Any CPU
		{6FFBEDA0-4FE1-42AC-A4B6-09F2A274F618}.Release|Any CPU.ActiveCfg = Release|Any CPU
		{6FFBEDA0-4FE1-42AC-A4B6-09F2A274F618}.Release|Any CPU.Build.0 = Release|Any CPU
		{770CF11A-E4A7-4F14-8380-F4FA9F5AD84D}.Debug|Any CPU.ActiveCfg = Debug|Any CPU
		{770CF11A-E4A7-4F14-8380-F4FA9F5AD84D}.Debug|Any CPU.Build.0 = Debug|Any CPU
		{770CF11A-E4A7-4F14-8380-F4FA9F5AD84D}.Release|Any CPU.ActiveCfg = Release|Any CPU
		{770CF11A-E4A7-4F14-8380-F4FA9F5AD84D}.Release|Any CPU.Build.0 = Release|Any CPU
	EndGlobalSection
	GlobalSection(SolutionProperties) = preSolution
		HideSolutionNode = FALSE
	EndGlobalSection
	GlobalSection(TeamFoundationVersionControl) = preSolution
		SccNumberOfProjects = 3
		SccEnterpriseProvider = {4CA58AB2-18FA-4F8D-95D4-32DDF27D184C}
		SccTeamFoundationServer = https://vehicledealer.visualstudio.com/
		SccLocalPath0 = .
		SccProjectUniqueName1 = VehicleDealer\\VehicleDealer.csproj
		SccProjectName1 = VehicleDealer
		SccLocalPath1 = VehicleDealer
		SccProjectUniqueName2 = VehicleDealerDal.cs\\VehicleDealerDal.cs.csproj
		SccProjectName2 = VehicleDealerDal.cs
		SccLocalPath2 = VehicleDealerDal.cs
	EndGlobalSection
EndGlobal
